# THIS IS AN AUTOGENERATED FILE. DO NOT EDIT THIS FILE DIRECTLY.
# yarn lockfile v1


"@types/three@^0.132.2":
  version "0.132.2"
  resolved "https://registry.yarnpkg.com/@types/three/-/three-0.132.2.tgz#80dad683a326e1eb7a87d388e10188b7beb41a18"
  integrity sha512-DpaP0sObpHvKX8zdfCqyTK526N8lQ86Qstp6MnQJ3jNYie7Bv9AMRTALuoIH8dgVZ62z9twuNvEarWHXOZwmSw==
